
Microsoft Visual Studio Solution File, Format Version 12.00
# Visual Studio Version 17
VisualStudioVersion = 17.9.34622.214
MinimumVisualStudioVersion = 10.0.40219.1
Project("{9A19103F-16F7-4668-BE54-9A1E7A4F7556}") = "Singleton", "Singleton\Singleton.csproj", "{9BD7D798-EDD6-48DD-B38F-4E9883AFEECF}"
EndProject
Project("{9A19103F-16F7-4668-BE54-9A1E7A4F7556}") = "Factory", "Factory\Factory.csproj", "{71787D01-8715-4B49-9804-12A9A5F7208B}"
EndProject
Project("{9A19103F-16F7-4668-BE54-9A1E7A4F7556}") = "Builder", "Builder\Builder.csproj", "{1A25C3D2-8CE3-4C43-B16E-642CE0CD5D16}"
EndProject
Project("{FAE04EC0-301F-11D3-BF4B-00C04F79EFBC}") = "Decorator", "Decorator\Decorator.csproj", "{3D47C7DA-89CE-47DC-80C3-7F23766BF448}"
EndProject
Global
	GlobalSection(SolutionConfigurationPlatforms) = preSolution
		Debug|Any CPU = Debug|Any CPU
		Release|Any CPU = Release|Any CPU
	EndGlobalSection
	GlobalSection(ProjectConfigurationPlatforms) = postSolution
		{9BD7D798-EDD6-48DD-B38F-4E9883AFEECF}.Debug|Any CPU.ActiveCfg = Debug|Any CPU
		{9BD7D798-EDD6-48DD-B38F-4E9883AFEECF}.Debug|Any CPU.Build.0 = Debug|Any CPU
		{9BD7D798-EDD6-48DD-B38F-4E9883AFEECF}.Release|Any CPU.ActiveCfg = Release|Any CPU
		{9BD7D798-EDD6-48DD-B38F-4E9883AFEECF}.Release|Any CPU.Build.0 = Release|Any CPU
		{71787D01-8715-4B49-9804-12A9A5F7208B}.Debug|Any CPU.ActiveCfg = Debug|Any CPU
		{71787D01-8715-4B49-9804-12A9A5F7208B}.Debug|Any CPU.Build.0 = Debug|Any CPU
		{71787D01-8715-4B49-9804-12A9A5F7208B}.Release|Any CPU.ActiveCfg = Release|Any CPU
		{71787D01-8715-4B49-9804-12A9A5F7208B}.Release|Any CPU.Build.0 = Release|Any CPU
		{1A25C3D2-8CE3-4C43-B16E-642CE0CD5D16}.Debug|Any CPU.ActiveCfg = Debug|Any CPU
		{1A25C3D2-8CE3-4C43-B16E-642CE0CD5D16}.Debug|Any CPU.Build.0 = Debug|Any CPU
		{1A25C3D2-8CE3-4C43-B16E-642CE0CD5D16}.Release|Any CPU.ActiveCfg = Release|Any CPU
		{1A25C3D2-8CE3-4C43-B16E-642CE0CD5D16}.Release|Any CPU.Build.0 = Release|Any CPU
		{3D47C7DA-89CE-47DC-80C3-7F23766BF448}.Debug|Any CPU.ActiveCfg = Debug|Any CPU
		{3D47C7DA-89CE-47DC-80C3-7F23766BF448}.Debug|Any CPU.Build.0 = Debug|Any CPU
		{3D47C7DA-89CE-47DC-80C3-7F23766BF448}.Release|Any CPU.ActiveCfg = Release|Any CPU
		{3D47C7DA-89CE-47DC-80C3-7F23766BF448}.Release|Any CPU.Build.0 = Release|Any CPU
	EndGlobalSection
	GlobalSection(SolutionProperties) = preSolution
		HideSolutionNode = FALSE
	EndGlobalSection
	GlobalSection(ExtensibilityGlobals) = postSolution
		SolutionGuid = {4E550870-1CFE-41BF-9713-98B486A78169}
	EndGlobalSection
EndGlobal
